{
  "version": 4,
  "terraform_version": "1.5.7",
  "serial": 11,
  "lineage": "566c492b-1954-dd2e-36ca-6209460db70b",
  "outputs": {},
  "resources": [
    {
      "mode": "data",
      "type": "terraform_remote_state",
      "name": "network",
      "provider": "provider[\"terraform.io/builtin/terraform\"]",
      "instances": [
        {
          "schema_version": 0,
          "attributes": {
            "backend": "local",
            "config": {
              "value": {
                "path": "../Vpc-series/terraform.tfstate"
              },
              "type": [
                "object",
                {
                  "path": "string"
                }
              ]
            },
            "defaults": null,
            "outputs": {
              "value": {
                "demo_role": "arn:aws:iam::109753259968:role/eks-node-group-nodes",
                "node_role": "arn:aws:iam::109753259968:role/eks-cluster-demo",
                "private": [
                  "subnet-08d0b50ba5d724370",
                  "subnet-03c7b5552e9b05afc"
                ],
                "public": [
                  "subnet-0d7f747b5de2e54d8",
                  "subnet-00669a4b41c8ead3e"
                ]
              },
              "type": [
                "object",
                {
                  "demo_role": "string",
                  "node_role": "string",
                  "private": [
                    "tuple",
                    [
                      "string",
                      "string"
                    ]
                  ],
                  "public": [
                    "tuple",
                    [
                      "string",
                      "string"
                    ]
                  ]
                }
              ]
            },
            "workspace": null
          },
          "sensitive_attributes": []
        }
      ]
    },
    {
      "mode": "managed",
      "type": "aws_eks_cluster",
      "name": "demo",
      "provider": "provider[\"registry.terraform.io/hashicorp/aws\"]",
      "instances": [
        {
          "schema_version": 0,
          "attributes": {
            "arn": "arn:aws:eks:us-east-1:109753259968:cluster/demo",
            "certificate_authority": [
              {
                "data": "LS0tLS1CRUdJTiBDRVJUSUZJQ0FURS0tLS0tCk1JSURCVENDQWUyZ0F3SUJBZ0lJU1FMOGR5bW5SbFl3RFFZSktvWklodmNOQVFFTEJRQXdGVEVUTUJFR0ExVUUKQXhNS2EzVmlaWEp1WlhSbGN6QWVGdzB5TXpFd01EWXhNelF3TURsYUZ3MHpNekV3TURNeE16UXdNRGxhTUJVeApFekFSQmdOVkJBTVRDbXQxWW1WeWJtVjBaWE13Z2dFaU1BMEdDU3FHU0liM0RRRUJBUVVBQTRJQkR3QXdnZ0VLCkFvSUJBUUMxanMvTUlNV1lHaHkxOFZMMjZYQlRwTjBXcmVjeElVVWVMaHllMHhVa1RsaG1uQm9aQjNkWnVDK1oKZFl4djJpbDY1dzVvZ1VrcVFjSkJneit0RUk1R04xVjNYdUF5cVhHL3NjRFY3TXhpT29hOWRFYVBrMkRLeE9tbwpURTNnR1VLbmNwdE9PTVRJZFF6UXo1eVUwQk1yRHlZSFBOV2FvWFdWeU91SVZpVVhzTTAybHdTb0MyUVE3SXVqCk1ydHJjZkdweDg5RHpaZ3Y1UmFKMVB6RFV3Z0xmRlliODVMWXU3MFI1U1M5cUg0dU1nTXJwMXpNMXhmaWo3eFYKSEdCdVFtQUVnaVhPZFE3RkJ5WDc2VWU1OEJBOXVtZHI3MG5pNkNTNm5Rd29LL0hsVHRjbEV0bjVWbHRvdGdqSgpWLy92Z0t3Q2FmNU1pUmQ4RUJacXNhOXNLRmxoQWdNQkFBR2pXVEJYTUE0R0ExVWREd0VCL3dRRUF3SUNwREFQCkJnTlZIUk1CQWY4RUJUQURBUUgvTUIwR0ExVWREZ1FXQkJSU3EycDc4dXVzZlk4Q3h0UWJudFhMaU93aTJUQVYKQmdOVkhSRUVEakFNZ2dwcmRXSmxjbTVsZEdWek1BMEdDU3FHU0liM0RRRUJDd1VBQTRJQkFRQ1hZK0lFb2s1NQowem9BWjFiK1FRUzRtbDNvcVVPUnIvTmUzdWtOazNFYnpQU3A4ZHM3U2VERzlRQmpGekRyL2FZTTlhRXR0VklMClowTkQzcUxDZUxlSWlxd29waVNDN0NFL0ppd3JCZmp0MEtKc25QZmxLejI4Q3h3WDV2Q3hWMmpVQzFHZFd4Z28KT1F0T1NOa0J2Ry9vSjFOdHlabUN5TFIzeVp1YmZXaVpzRngrRE90WXNnVnJZSmdjWnJyczNTeFRIZVhoS3FqZApOY21hRjliaWR6QWM0Uk00a1FveHI3VDRQalY5dUhFTDRjYS9NV0ZxcUVCclJUb2dzQWZ3VjNQRFFNbjIyQjRHCkZyeHZ2bE5YWmxibHlOU0krUXBSV2xoK0I1Z3A5cWdrcm0wckJrUTU1eW91SGp4WHMyRjdpS085dVpkcWxkblUKM1V1MU5nVEN5VDFiCi0tLS0tRU5EIENFUlRJRklDQVRFLS0tLS0K"
              }
            ],
            "created_at": "2023-10-06 13:35:11.743 +0000 UTC",
            "enabled_cluster_log_types": null,
            "encryption_config": [],
            "endpoint": "https://4B95F2FFE1821779611A3DC701887928.gr7.us-east-1.eks.amazonaws.com",
            "id": "demo",
            "identity": [
              {
                "oidc": [
                  {
                    "issuer": "https://oidc.eks.us-east-1.amazonaws.com/id/4B95F2FFE1821779611A3DC701887928"
                  }
                ]
              }
            ],
            "kubernetes_network_config": [
              {
                "ip_family": "ipv4",
                "service_ipv4_cidr": "172.20.0.0/16"
              }
            ],
            "name": "demo",
            "platform_version": "eks.5",
            "role_arn": "arn:aws:iam::109753259968:role/eks-cluster-demo",
            "status": "ACTIVE",
            "tags": null,
            "tags_all": {},
            "timeouts": null,
            "version": "1.27",
            "vpc_config": [
              {
                "cluster_security_group_id": "sg-07baa70c479d0ec40",
                "endpoint_private_access": false,
                "endpoint_public_access": true,
                "public_access_cidrs": [
                  "0.0.0.0/0"
                ],
                "security_group_ids": null,
                "subnet_ids": [
                  "subnet-00669a4b41c8ead3e",
                  "subnet-08d0b50ba5d724370",
                  "subnet-0d7f747b5de2e54d8"
                ],
                "vpc_id": "vpc-089ce9d2ba9ed88b7"
              }
            ]
          },
          "sensitive_attributes": [],
          "private": "eyJlMmJmYjczMC1lY2FhLTExZTYtOGY4OC0zNDM2M2JjN2M0YzAiOnsiY3JlYXRlIjoxODAwMDAwMDAwMDAwLCJkZWxldGUiOjkwMDAwMDAwMDAwMCwidXBkYXRlIjozNjAwMDAwMDAwMDAwfX0=",
          "dependencies": [
            "data.terraform_remote_state.network"
          ]
        }
      ]
    },
    {
      "mode": "managed",
      "type": "aws_eks_node_group",
      "name": "private-nodes",
      "provider": "provider[\"registry.terraform.io/hashicorp/aws\"]",
      "instances": []
    }
  ],
  "check_results": null
}
